// !$*UTF8*$!
{
	archiveVersion = 1;
	classes = {
	};
	objectVersion = 56;
	objects = {

/* Begin PBXBuildFile section */
		3EF06AA0EE69E08FAE9F176B /* Pods_map_mapUITests.framework in Frameworks */ = {isa = PBXBuildFile; fileRef = 36EBC9BAA9E24DED04E1EA33 /* Pods_map_mapUITests.framework */; };
		4A9C67312B10D5E5008D0282 /* AppDelegate.swift in Sources */ = {isa = PBXBuildFile; fileRef = 4A9C67302B10D5E5008D0282 /* AppDelegate.swift */; };
		4A9C67332B10D5E5008D0282 /* SceneDelegate.swift in Sources */ = {isa = PBXBuildFile; fileRef = 4A9C67322B10D5E5008D0282 /* SceneDelegate.swift */; };
		4A9C67352B10D5E5008D0282 /* ViewController.swift in Sources */ = {isa = PBXBuildFile; fileRef = 4A9C67342B10D5E5008D0282 /* ViewController.swift */; };
		4A9C67382B10D5E5008D0282 /* Main.storyboard in Resources */ = {isa = PBXBuildFile; fileRef = 4A9C67362B10D5E5008D0282 /* Main.storyboard */; };
		4A9C673A2B10D5E8008D0282 /* Assets.xcassets in Resources */ = {isa = PBXBuildFile; fileRef = 4A9C67392B10D5E8008D0282 /* Assets.xcassets */; };
		4A9C673D2B10D5E8008D0282 /* LaunchScreen.storyboard in Resources */ = {isa = PBXBuildFile; fileRef = 4A9C673B2B10D5E8008D0282 /* LaunchScreen.storyboard */; };
		4A9C67482B10D5E8008D0282 /* mapTests.swift in Sources */ = {isa = PBXBuildFile; fileRef = 4A9C67472B10D5E8008D0282 /* mapTests.swift */; };
		4A9C67522B10D5E8008D0282 /* mapUITests.swift in Sources */ = {isa = PBXBuildFile; fileRef = 4A9C67512B10D5E8008D0282 /* mapUITests.swift */; };
		4A9C67542B10D5E8008D0282 /* mapUITestsLaunchTests.swift in Sources */ = {isa = PBXBuildFile; fileRef = 4A9C67532B10D5E8008D0282 /* mapUITestsLaunchTests.swift */; };
		4A9C67612B10DCE7008D0282 /* MapViewController.swift in Sources */ = {isa = PBXBuildFile; fileRef = 4A9C67602B10DCE7008D0282 /* MapViewController.swift */; };
		4AB7E2442B177FC9009494C8 /* Extensions.swift in Sources */ = {isa = PBXBuildFile; fileRef = 4AB7E2432B177FC9009494C8 /* Extensions.swift */; };
		DE317D4360C664362A4143D7 /* Pods_mapTests.framework in Frameworks */ = {isa = PBXBuildFile; fileRef = AB596E527A528A4BE16BFB23 /* Pods_mapTests.framework */; };
		E0D5195052EAB1E7C594FCEE /* Pods_map.framework in Frameworks */ = {isa = PBXBuildFile; fileRef = 4F45ECE4ECD030F2A692A304 /* Pods_map.framework */; };
/* End PBXBuildFile section */

/* Begin PBXContainerItemProxy section */
		4A9C67442B10D5E8008D0282 /* PBXContainerItemProxy */ = {
			isa = PBXContainerItemProxy;
			containerPortal = 4A9C67252B10D5E4008D0282 /* Project object */;
			proxyType = 1;
			remoteGlobalIDString = 4A9C672C2B10D5E4008D0282;
			remoteInfo = map;
		};
		4A9C674E2B10D5E8008D0282 /* PBXContainerItemProxy */ = {
			isa = PBXContainerItemProxy;
			containerPortal = 4A9C67252B10D5E4008D0282 /* Project object */;
			proxyType = 1;
			remoteGlobalIDString = 4A9C672C2B10D5E4008D0282;
			remoteInfo = map;
		};
/* End PBXContainerItemProxy section */

/* Begin PBXFileReference section */
		104843F5C2A4136B84533352 /* Pods-map-mapUITests.release.xcconfig */ = {isa = PBXFileReference; includeInIndex = 1; lastKnownFileType = text.xcconfig; name = "Pods-map-mapUITests.release.xcconfig"; path = "Target Support Files/Pods-map-mapUITests/Pods-map-mapUITests.release.xcconfig"; sourceTree = "<group>"; };
		36EBC9BAA9E24DED04E1EA33 /* Pods_map_mapUITests.framework */ = {isa = PBXFileReference; explicitFileType = wrapper.framework; includeInIndex = 0; path = Pods_map_mapUITests.framework; sourceTree = BUILT_PRODUCTS_DIR; };
		4A9C672D2B10D5E4008D0282 /* map.app */ = {isa = PBXFileReference; explicitFileType = wrapper.application; includeInIndex = 0; path = map.app; sourceTree = BUILT_PRODUCTS_DIR; };
		4A9C67302B10D5E5008D0282 /* AppDelegate.swift */ = {isa = PBXFileReference; lastKnownFileType = sourcecode.swift; path = AppDelegate.swift; sourceTree = "<group>"; };
		4A9C67322B10D5E5008D0282 /* SceneDelegate.swift */ = {isa = PBXFileReference; lastKnownFileType = sourcecode.swift; path = SceneDelegate.swift; sourceTree = "<group>"; };
		4A9C67342B10D5E5008D0282 /* ViewController.swift */ = {isa = PBXFileReference; lastKnownFileType = sourcecode.swift; path = ViewController.swift; sourceTree = "<group>"; };
		4A9C67372B10D5E5008D0282 /* Base */ = {isa = PBXFileReference; lastKnownFileType = file.storyboard; name = Base; path = Base.lproj/Main.storyboard; sourceTree = "<group>"; };
		4A9C67392B10D5E8008D0282 /* Assets.xcassets */ = {isa = PBXFileReference; lastKnownFileType = folder.assetcatalog; path = Assets.xcassets; sourceTree = "<group>"; };
		4A9C673C2B10D5E8008D0282 /* Base */ = {isa = PBXFileReference; lastKnownFileType = file.storyboard; name = Base; path = Base.lproj/LaunchScreen.storyboard; sourceTree = "<group>"; };
		4A9C673E2B10D5E8008D0282 /* Info.plist */ = {isa = PBXFileReference; lastKnownFileType = text.plist.xml; path = Info.plist; sourceTree = "<group>"; };
		4A9C67432B10D5E8008D0282 /* mapTests.xctest */ = {isa = PBXFileReference; explicitFileType = wrapper.cfbundle; includeInIndex = 0; path = mapTests.xctest; sourceTree = BUILT_PRODUCTS_DIR; };
		4A9C67472B10D5E8008D0282 /* mapTests.swift */ = {isa = PBXFileReference; lastKnownFileType = sourcecode.swift; path = mapTests.swift; sourceTree = "<group>"; };
		4A9C674D2B10D5E8008D0282 /* mapUITests.xctest */ = {isa = PBXFileReference; explicitFileType = wrapper.cfbundle; includeInIndex = 0; path = mapUITests.xctest; sourceTree = BUILT_PRODUCTS_DIR; };
		4A9C67512B10D5E8008D0282 /* mapUITests.swift */ = {isa = PBXFileReference; lastKnownFileType = sourcecode.swift; path = mapUITests.swift; sourceTree = "<group>"; };
		4A9C67532B10D5E8008D0282 /* mapUITestsLaunchTests.swift */ = {isa = PBXFileReference; lastKnownFileType = sourcecode.swift; path = mapUITestsLaunchTests.swift; sourceTree = "<group>"; };
		4A9C67602B10DCE7008D0282 /* MapViewController.swift */ = {isa = PBXFileReference; lastKnownFileType = sourcecode.swift; path = MapViewController.swift; sourceTree = "<group>"; };
		4AB7E2432B177FC9009494C8 /* Extensions.swift */ = {isa = PBXFileReference; lastKnownFileType = sourcecode.swift; path = Extensions.swift; sourceTree = "<group>"; };
		4F45ECE4ECD030F2A692A304 /* Pods_map.framework */ = {isa = PBXFileReference; explicitFileType = wrapper.framework; includeInIndex = 0; path = Pods_map.framework; sourceTree = BUILT_PRODUCTS_DIR; };
		6704217BA06F19628BC987A1 /* Pods-map.release.xcconfig */ = {isa = PBXFileReference; includeInIndex = 1; lastKnownFileType = text.xcconfig; name = "Pods-map.release.xcconfig"; path = "Target Support Files/Pods-map/Pods-map.release.xcconfig"; sourceTree = "<group>"; };
		6DE69814B0D8BBD188DC2E58 /* Pods-mapTests.debug.xcconfig */ = {isa = PBXFileReference; includeInIndex = 1; lastKnownFileType = text.xcconfig; name = "Pods-mapTests.debug.xcconfig"; path = "Target Support Files/Pods-mapTests/Pods-mapTests.debug.xcconfig"; sourceTree = "<group>"; };
		A3BC1C2C2A0F95606EC2027B /* Pods-map.debug.xcconfig */ = {isa = PBXFileReference; includeInIndex = 1; lastKnownFileType = text.xcconfig; name = "Pods-map.debug.xcconfig"; path = "Target Support Files/Pods-map/Pods-map.debug.xcconfig"; sourceTree = "<group>"; };
		AB596E527A528A4BE16BFB23 /* Pods_mapTests.framework */ = {isa = PBXFileReference; explicitFileType = wrapper.framework; includeInIndex = 0; path = Pods_mapTests.framework; sourceTree = BUILT_PRODUCTS_DIR; };
		AEBB855EC31B09FACCA48D50 /* Pods-map-mapUITests.debug.xcconfig */ = {isa = PBXFileReference; includeInIndex = 1; lastKnownFileType = text.xcconfig; name = "Pods-map-mapUITests.debug.xcconfig"; path = "Target Support Files/Pods-map-mapUITests/Pods-map-mapUITests.debug.xcconfig"; sourceTree = "<group>"; };
		FF79096E153D6F775717128E /* Pods-mapTests.release.xcconfig */ = {isa = PBXFileReference; includeInIndex = 1; lastKnownFileType = text.xcconfig; name = "Pods-mapTests.release.xcconfig"; path = "Target Support Files/Pods-mapTests/Pods-mapTests.release.xcconfig"; sourceTree = "<group>"; };
/* End PBXFileReference section */

/* Begin PBXFrameworksBuildPhase section */
		4A9C672A2B10D5E4008D0282 /* Frameworks */ = {
			isa = PBXFrameworksBuildPhase;
			buildActionMask = 2147483647;
			files = (
				E0D5195052EAB1E7C594FCEE /* Pods_map.framework in Frameworks */,
			);
			runOnlyForDeploymentPostprocessing = 0;
		};
		4A9C67402B10D5E8008D0282 /* Frameworks */ = {
			isa = PBXFrameworksBuildPhase;
			buildActionMask = 2147483647;
			files = (
				DE317D4360C664362A4143D7 /* Pods_mapTests.framework in Frameworks */,
			);
			runOnlyForDeploymentPostprocessing = 0;
		};
		4A9C674A2B10D5E8008D0282 /* Frameworks */ = {
			isa = PBXFrameworksBuildPhase;
			buildActionMask = 2147483647;
			files = (
				3EF06AA0EE69E08FAE9F176B /* Pods_map_mapUITests.framework in Frameworks */,
			);
			runOnlyForDeploymentPostprocessing = 0;
		};
/* End PBXFrameworksBuildPhase section */

/* Begin PBXGroup section */
		08DBDD07CF0B16E84D836F28 /* Pods */ = {
			isa = PBXGroup;
			children = (
				A3BC1C2C2A0F95606EC2027B /* Pods-map.debug.xcconfig */,
				6704217BA06F19628BC987A1 /* Pods-map.release.xcconfig */,
				AEBB855EC31B09FACCA48D50 /* Pods-map-mapUITests.debug.xcconfig */,
				104843F5C2A4136B84533352 /* Pods-map-mapUITests.release.xcconfig */,
				6DE69814B0D8BBD188DC2E58 /* Pods-mapTests.debug.xcconfig */,
				FF79096E153D6F775717128E /* Pods-mapTests.release.xcconfig */,
			);
			path = Pods;
			sourceTree = "<group>";
		};
		4A9C67242B10D5E4008D0282 = {
			isa = PBXGroup;
			children = (
				4A9C672F2B10D5E5008D0282 /* map */,
				4A9C67462B10D5E8008D0282 /* mapTests */,
				4A9C67502B10D5E8008D0282 /* mapUITests */,
				4A9C672E2B10D5E4008D0282 /* Products */,
				08DBDD07CF0B16E84D836F28 /* Pods */,
				57F242C1E271912062C758D5 /* Frameworks */,
			);
			sourceTree = "<group>";
		};
		4A9C672E2B10D5E4008D0282 /* Products */ = {
			isa = PBXGroup;
			children = (
				4A9C672D2B10D5E4008D0282 /* map.app */,
				4A9C67432B10D5E8008D0282 /* mapTests.xctest */,
				4A9C674D2B10D5E8008D0282 /* mapUITests.xctest */,
			);
			name = Products;
			sourceTree = "<group>";
		};
		4A9C672F2B10D5E5008D0282 /* map */ = {
			isa = PBXGroup;
			children = (
				4A9C67302B10D5E5008D0282 /* AppDelegate.swift */,
				4A9C67322B10D5E5008D0282 /* SceneDelegate.swift */,
				4A9C67342B10D5E5008D0282 /* ViewController.swift */,
				4A9C67362B10D5E5008D0282 /* Main.storyboard */,
				4A9C67392B10D5E8008D0282 /* Assets.xcassets */,
				4A9C673B2B10D5E8008D0282 /* LaunchScreen.storyboard */,
				4A9C673E2B10D5E8008D0282 /* Info.plist */,
				4A9C67602B10DCE7008D0282 /* MapViewController.swift */,
				4AB7E2432B177FC9009494C8 /* Extensions.swift */,
			);
			path = map;
			sourceTree = "<group>";
		};
		4A9C67462B10D5E8008D0282 /* mapTests */ = {
			isa = PBXGroup;
			children = (
				4A9C67472B10D5E8008D0282 /* mapTests.swift */,
			);
			path = mapTests;
			sourceTree = "<group>";
		};
		4A9C67502B10D5E8008D0282 /* mapUITests */ = {
			isa = PBXGroup;
			children = (
				4A9C67512B10D5E8008D0282 /* mapUITests.swift */,
				4A9C67532B10D5E8008D0282 /* mapUITestsLaunchTests.swift */,
			);
			path = mapUITests;
			sourceTree = "<group>";
		};
		57F242C1E271912062C758D5 /* Frameworks */ = {
			isa = PBXGroup;
			children = (
				4F45ECE4ECD030F2A692A304 /* Pods_map.framework */,
				36EBC9BAA9E24DED04E1EA33 /* Pods_map_mapUITests.framework */,
				AB596E527A528A4BE16BFB23 /* Pods_mapTests.framework */,
			);
			name = Frameworks;
			sourceTree = "<group>";
		};
/* End PBXGroup section */

/* Begin PBXNativeTarget section */
		4A9C672C2B10D5E4008D0282 /* map */ = {
			isa = PBXNativeTarget;
			buildConfigurationList = 4A9C67572B10D5E8008D0282 /* Build configuration list for PBXNativeTarget "map" */;
			buildPhases = (
				BA74A593DA5818284A44904F /* [CP] Check Pods Manifest.lock */,
				4A9C67292B10D5E4008D0282 /* Sources */,
				4A9C672A2B10D5E4008D0282 /* Frameworks */,
				4A9C672B2B10D5E4008D0282 /* Resources */,
				E0B592E71C45440BDBAF535A /* [CP] Embed Pods Frameworks */,
			);
			buildRules = (
			);
			dependencies = (
			);
			name = map;
			productName = map;
			productReference = 4A9C672D2B10D5E4008D0282 /* map.app */;
			productType = "com.apple.product-type.application";
		};
		4A9C67422B10D5E8008D0282 /* mapTests */ = {
			isa = PBXNativeTarget;
			buildConfigurationList = 4A9C675A2B10D5E8008D0282 /* Build configuration list for PBXNativeTarget "mapTests" */;
			buildPhases = (
				AE56366E0E96397B1B068BB2 /* [CP] Check Pods Manifest.lock */,
				4A9C673F2B10D5E8008D0282 /* Sources */,
				4A9C67402B10D5E8008D0282 /* Frameworks */,
				4A9C67412B10D5E8008D0282 /* Resources */,
			);
			buildRules = (
			);
			dependencies = (
				4A9C67452B10D5E8008D0282 /* PBXTargetDependency */,
			);
			name = mapTests;
			productName = mapTests;
			productReference = 4A9C67432B10D5E8008D0282 /* mapTests.xctest */;
			productType = "com.apple.product-type.bundle.unit-test";
		};
		4A9C674C2B10D5E8008D0282 /* mapUITests */ = {
			isa = PBXNativeTarget;
			buildConfigurationList = 4A9C675D2B10D5E8008D0282 /* Build configuration list for PBXNativeTarget "mapUITests" */;
			buildPhases = (
				7BFF9F581BE39E61C4320D9E /* [CP] Check Pods Manifest.lock */,
				4A9C67492B10D5E8008D0282 /* Sources */,
				4A9C674A2B10D5E8008D0282 /* Frameworks */,
				4A9C674B2B10D5E8008D0282 /* Resources */,
				3EC8A68E27596BFF4DBED85E /* [CP] Embed Pods Frameworks */,
			);
			buildRules = (
			);
			dependencies = (
				4A9C674F2B10D5E8008D0282 /* PBXTargetDependency */,
			);
			name = mapUITests;
			productName = mapUITests;
			productReference = 4A9C674D2B10D5E8008D0282 /* mapUITests.xctest */;
			productType = "com.apple.product-type.bundle.ui-testing";
		};
/* End PBXNativeTarget section */

/* Begin PBXProject section */
		4A9C67252B10D5E4008D0282 /* Project object */ = {
			isa = PBXProject;
			attributes = {
				BuildIndependentTargetsInParallel = 1;
				LastSwiftUpdateCheck = 1410;
				LastUpgradeCheck = 1410;
				TargetAttributes = {
					4A9C672C2B10D5E4008D0282 = {
						CreatedOnToolsVersion = 14.1;
					};
					4A9C67422B10D5E8008D0282 = {
						CreatedOnToolsVersion = 14.1;
						TestTargetID = 4A9C672C2B10D5E4008D0282;
					};
					4A9C674C2B10D5E8008D0282 = {
						CreatedOnToolsVersion = 14.1;
						TestTargetID = 4A9C672C2B10D5E4008D0282;
					};
				};
			};
			buildConfigurationList = 4A9C67282B10D5E4008D0282 /* Build configuration list for PBXProject "map" */;
			compatibilityVersion = "Xcode 14.0";
			developmentRegion = en;
			hasScannedForEncodings = 0;
			knownRegions = (
				en,
				Base,
			);
			mainGroup = 4A9C67242B10D5E4008D0282;
			packageReferences = (
			);
			productRefGroup = 4A9C672E2B10D5E4008D0282 /* Products */;
			projectDirPath = "";
			projectRoot = "";
			targets = (
				4A9C672C2B10D5E4008D0282 /* map */,
				4A9C67422B10D5E8008D0282 /* mapTests */,
				4A9C674C2B10D5E8008D0282 /* mapUITests */,
			);
		};
/* End PBXProject section */

/* Begin PBXResourcesBuildPhase section */
		4A9C672B2B10D5E4008D0282 /* Resources */ = {
			isa = PBXResourcesBuildPhase;
			buildActionMask = 2147483647;
			files = (
				4A9C673D2B10D5E8008D0282 /* LaunchScreen.storyboard in Resources */,
				4A9C673A2B10D5E8008D0282 /* Assets.xcassets in Resources */,
				4A9C67382B10D5E5008D0282 /* Main.storyboard in Resources */,
			);
			runOnlyForDeploymentPostprocessing = 0;
		};
		4A9C67412B10D5E8008D0282 /* Resources */ = {
			isa = PBXResourcesBuildPhase;
			buildActionMask = 2147483647;
			files = (
			);
			runOnlyForDeploymentPostprocessing = 0;
		};
		4A9C674B2B10D5E8008D0282 /* Resources */ = {
			isa = PBXResourcesBuildPhase;
			buildActionMask = 2147483647;
			files = (
			);
			runOnlyForDeploymentPostprocessing = 0;
		};
/* End PBXResourcesBuildPhase section */

/* Begin PBXShellScriptBuildPhase section */
		3EC8A68E27596BFF4DBED85E /* [CP] Embed Pods Frameworks */ = {
			isa = PBXShellScriptBuildPhase;
			buildActionMask = 2147483647;
			files = (
			);
			inputFileListPaths = (
				"${PODS_ROOT}/Target Support Files/Pods-map-mapUITests/Pods-map-mapUITests-frameworks-${CONFIGURATION}-input-files.xcfilelist",
			);
			name = "[CP] Embed Pods Frameworks";
			outputFileListPaths = (
				"${PODS_ROOT}/Target Support Files/Pods-map-mapUITests/Pods-map-mapUITests-frameworks-${CONFIGURATION}-output-files.xcfilelist",
			);
			runOnlyForDeploymentPostprocessing = 0;
			shellPath = /bin/sh;
			shellScript = "\"${PODS_ROOT}/Target Support Files/Pods-map-mapUITests/Pods-map-mapUITests-frameworks.sh\"\n";
			showEnvVarsInLog = 0;
		};
		7BFF9F581BE39E61C4320D9E /* [CP] Check Pods Manifest.lock */ = {
			isa = PBXShellScriptBuildPhase;
			buildActionMask = 2147483647;
			files = (
			);
			inputFileListPaths = (
			);
			inputPaths = (
				"${PODS_PODFILE_DIR_PATH}/Podfile.lock",
				"${PODS_ROOT}/Manifest.lock",
			);
			name = "[CP] Check Pods Manifest.lock";
			outputFileListPaths = (
			);
			outputPaths = (
				"$(DERIVED_FILE_DIR)/Pods-map-mapUITests-checkManifestLockResult.txt",
			);
			runOnlyForDeploymentPostprocessing = 0;
			shellPath = /bin/sh;
			shellScript = "diff \"${PODS_PODFILE_DIR_PATH}/Podfile.lock\" \"${PODS_ROOT}/Manifest.lock\" > /dev/null\nif [ $? != 0 ] ; then\n    # print error to STDERR\n    echo \"error: The sandbox is not in sync with the Podfile.lock. Run 'pod install' or update your CocoaPods installation.\" >&2\n    exit 1\nfi\n# This output is used by Xcode 'outputs' to avoid re-running this script phase.\necho \"SUCCESS\" > \"${SCRIPT_OUTPUT_FILE_0}\"\n";
			showEnvVarsInLog = 0;
		};
		AE56366E0E96397B1B068BB2 /* [CP] Check Pods Manifest.lock */ = {
			isa = PBXShellScriptBuildPhase;
			buildActionMask = 2147483647;
			files = (
			);
			inputFileListPaths = (
			);
			inputPaths = (
				"${PODS_PODFILE_DIR_PATH}/Podfile.lock",
				"${PODS_ROOT}/Manifest.lock",
			);
			name = "[CP] Check Pods Manifest.lock";
			outputFileListPaths = (
			);
			outputPaths = (
				"$(DERIVED_FILE_DIR)/Pods-mapTests-checkManifestLockResult.txt",
			);
			runOnlyForDeploymentPostprocessing = 0;
			shellPath = /bin/sh;
			shellScript = "diff \"${PODS_PODFILE_DIR_PATH}/Podfile.lock\" \"${PODS_ROOT}/Manifest.lock\" > /dev/null\nif [ $? != 0 ] ; then\n    # print error to STDERR\n    echo \"error: The sandbox is not in sync with the Podfile.lock. Run 'pod install' or update your CocoaPods installation.\" >&2\n    exit 1\nfi\n# This output is used by Xcode 'outputs' to avoid re-running this script phase.\necho \"SUCCESS\" > \"${SCRIPT_OUTPUT_FILE_0}\"\n";
			showEnvVarsInLog = 0;
		};
		BA74A593DA5818284A44904F /* [CP] Check Pods Manifest.lock */ = {
			isa = PBXShellScriptBuildPhase;
			buildActionMask = 2147483647;
			files = (
			);
			inputFileListPaths = (
			);
			inputPaths = (
				"${PODS_PODFILE_DIR_PATH}/Podfile.lock",
				"${PODS_ROOT}/Manifest.lock",
			);
			name = "[CP] Check Pods Manifest.lock";
			outputFileListPaths = (
			);
			outputPaths = (
				"$(DERIVED_FILE_DIR)/Pods-map-checkManifestLockResult.txt",
			);
			runOnlyForDeploymentPostprocessing = 0;
			shellPath = /bin/sh;
			shellScript = "diff \"${PODS_PODFILE_DIR_PATH}/Podfile.lock\" \"${PODS_ROOT}/Manifest.lock\" > /dev/null\nif [ $? != 0 ] ; then\n    # print error to STDERR\n    echo \"error: The sandbox is not in sync with the Podfile.lock. Run 'pod install' or update your CocoaPods installation.\" >&2\n    exit 1\nfi\n# This output is used by Xcode 'outputs' to avoid re-running this script phase.\necho \"SUCCESS\" > \"${SCRIPT_OUTPUT_FILE_0}\"\n";
			showEnvVarsInLog = 0;
		};
		E0B592E71C45440BDBAF535A /* [CP] Embed Pods Frameworks */ = {
			isa = PBXShellScriptBuildPhase;
			buildActionMask = 2147483647;
			files = (
			);
			inputFileListPaths = (
				"${PODS_ROOT}/Target Support Files/Pods-map/Pods-map-frameworks-${CONFIGURATION}-input-files.xcfilelist",
			);
			name = "[CP] Embed Pods Frameworks";
			outputFileListPaths = (
				"${PODS_ROOT}/Target Support Files/Pods-map/Pods-map-frameworks-${CONFIGURATION}-output-files.xcfilelist",
			);
			runOnlyForDeploymentPostprocessing = 0;
			shellPath = /bin/sh;
			shellScript = "\"${PODS_ROOT}/Target Support Files/Pods-map/Pods-map-frameworks.sh\"\n";
			showEnvVarsInLog = 0;
		};
/* End PBXShellScriptBuildPhase section */

/* Begin PBXSourcesBuildPhase section */
		4A9C67292B10D5E4008D0282 /* Sources */ = {
			isa = PBXSourcesBuildPhase;
			buildActionMask = 2147483647;
			files = (
				4A9C67352B10D5E5008D0282 /* ViewController.swift in Sources */,
				4A9C67312B10D5E5008D0282 /* AppDelegate.swift in Sources */,
				4A9C67332B10D5E5008D0282 /* SceneDelegate.swift in Sources */,
				4A9C67612B10DCE7008D0282 /* MapViewController.swift in Sources */,
				4AB7E2442B177FC9009494C8 /* Extensions.swift in Sources */,
			);
			runOnlyForDeploymentPostprocessing = 0;
		};
		4A9C673F2B10D5E8008D0282 /* Sources */ = {
			isa = PBXSourcesBuildPhase;
			buildActionMask = 2147483647;
			files = (
				4A9C67482B10D5E8008D0282 /* mapTests.swift in Sources */,
			);
			runOnlyForDeploymentPostprocessing = 0;
		};
		4A9C67492B10D5E8008D0282 /* Sources */ = {
			isa = PBXSourcesBuildPhase;
			buildActionMask = 2147483647;
			files = (
				4A9C67522B10D5E8008D0282 /* mapUITests.swift in Sources */,
				4A9C67542B10D5E8008D0282 /* mapUITestsLaunchTests.swift in Sources */,
			);
			runOnlyForDeploymentPostprocessing = 0;
		};
/* End PBXSourcesBuildPhase section */

/* Begin PBXTargetDependency section */
		4A9C67452B10D5E8008D0282 /* PBXTargetDependency */ = {
			isa = PBXTargetDependency;
			target = 4A9C672C2B10D5E4008D0282 /* map */;
			targetProxy = 4A9C67442B10D5E8008D0282 /* PBXContainerItemProxy */;
		};
		4A9C674F2B10D5E8008D0282 /* PBXTargetDependency */ = {
			isa = PBXTargetDependency;
			target = 4A9C672C2B10D5E4008D0282 /* map */;
			targetProxy = 4A9C674E2B10D5E8008D0282 /* PBXContainerItemProxy */;
		};
/* End PBXTargetDependency section */

/* Begin PBXVariantGroup section */
		4A9C67362B10D5E5008D0282 /* Main.storyboard */ = {
			isa = PBXVariantGroup;
			children = (
				4A9C67372B10D5E5008D0282 /* Base */,
			);
			name = Main.storyboard;
			sourceTree = "<group>";
		};
		4A9C673B2B10D5E8008D0282 /* LaunchScreen.storyboard */ = {
			isa = PBXVariantGroup;
			children = (
				4A9C673C2B10D5E8008D0282 /* Base */,
			);
			name = LaunchScreen.storyboard;
			sourceTree = "<group>";
		};
/* End PBXVariantGroup section */

/* Begin XCBuildConfiguration section */
		4A9C67552B10D5E8008D0282 /* Debug */ = {
			isa = XCBuildConfiguration;
			buildSettings = {
				ALWAYS_SEARCH_USER_PATHS = NO;
				CLANG_ANALYZER_NONNULL = YES;
				CLANG_ANALYZER_NUMBER_OBJECT_CONVERSION = YES_AGGRESSIVE;
				CLANG_CXX_LANGUAGE_STANDARD = "gnu++20";
				CLANG_ENABLE_MODULES = YES;
				CLANG_ENABLE_OBJC_ARC = YES;
				CLANG_ENABLE_OBJC_WEAK = YES;
				CLANG_WARN_BLOCK_CAPTURE_AUTORELEASING = YES;
				CLANG_WARN_BOOL_CONVERSION = YES;
				CLANG_WARN_COMMA = YES;
				CLANG_WARN_CONSTANT_CONVERSION = YES;
				CLANG_WARN_DEPRECATED_OBJC_IMPLEMENTATIONS = YES;
				CLANG_WARN_DIRECT_OBJC_ISA_USAGE = YES_ERROR;
				CLANG_WARN_DOCUMENTATION_COMMENTS = YES;
				CLANG_WARN_EMPTY_BODY = YES;
				CLANG_WARN_ENUM_CONVERSION = YES;
				CLANG_WARN_INFINITE_RECURSION = YES;
				CLANG_WARN_INT_CONVERSION = YES;
				CLANG_WARN_NON_LITERAL_NULL_CONVERSION = YES;
				CLANG_WARN_OBJC_IMPLICIT_RETAIN_SELF = YES;
				CLANG_WARN_OBJC_LITERAL_CONVERSION = YES;
				CLANG_WARN_OBJC_ROOT_CLASS = YES_ERROR;
				CLANG_WARN_QUOTED_INCLUDE_IN_FRAMEWORK_HEADER = YES;
				CLANG_WARN_RANGE_LOOP_ANALYSIS = YES;
				CLANG_WARN_STRICT_PROTOTYPES = YES;
				CLANG_WARN_SUSPICIOUS_MOVE = YES;
				CLANG_WARN_UNGUARDED_AVAILABILITY = YES_AGGRESSIVE;
				CLANG_WARN_UNREACHABLE_CODE = YES;
				CLANG_WARN__DUPLICATE_METHOD_MATCH = YES;
				COPY_PHASE_STRIP = NO;
				DEBUG_INFORMATION_FORMAT = dwarf;
				ENABLE_STRICT_OBJC_MSGSEND = YES;
				ENABLE_TESTABILITY = YES;
				GCC_C_LANGUAGE_STANDARD = gnu11;
				GCC_DYNAMIC_NO_PIC = NO;
				GCC_NO_COMMON_BLOCKS = YES;
				GCC_OPTIMIZATION_LEVEL = 0;
				GCC_PREPROCESSOR_DEFINITIONS = (
					"DEBUG=1",
					"$(inherited)",
				);
				GCC_WARN_64_TO_32_BIT_CONVERSION = YES;
				GCC_WARN_ABOUT_RETURN_TYPE = YES_ERROR;
				GCC_WARN_UNDECLARED_SELECTOR = YES;
				GCC_WARN_UNINITIALIZED_AUTOS = YES_AGGRESSIVE;
				GCC_WARN_UNUSED_FUNCTION = YES;
				GCC_WARN_UNUSED_VARIABLE = YES;
				IPHONEOS_DEPLOYMENT_TARGET = 16.1;
				MTL_ENABLE_DEBUG_INFO = INCLUDE_SOURCE;
				MTL_FAST_MATH = YES;
				ONLY_ACTIVE_ARCH = YES;
				SDKROOT = iphoneos;
				SWIFT_ACTIVE_COMPILATION_CONDITIONS = DEBUG;
				SWIFT_OPTIMIZATION_LEVEL = "-Onone";
			};
			name = Debug;
		};
		4A9C67562B10D5E8008D0282 /* Release */ = {
			isa = XCBuildConfiguration;
			buildSettings = {
				ALWAYS_SEARCH_USER_PATHS = NO;
				CLANG_ANALYZER_NONNULL = YES;
				CLANG_ANALYZER_NUMBER_OBJECT_CONVERSION = YES_AGGRESSIVE;
				CLANG_CXX_LANGUAGE_STANDARD = "gnu++20";
				CLANG_ENABLE_MODULES = YES;
				CLANG_ENABLE_OBJC_ARC = YES;
				CLANG_ENABLE_OBJC_WEAK = YES;
				CLANG_WARN_BLOCK_CAPTURE_AUTORELEASING = YES;
				CLANG_WARN_BOOL_CONVERSION = YES;
				CLANG_WARN_COMMA = YES;
				CLANG_WARN_CONSTANT_CONVERSION = YES;
				CLANG_WARN_DEPRECATED_OBJC_IMPLEMENTATIONS = YES;
				CLANG_WARN_DIRECT_OBJC_ISA_USAGE = YES_ERROR;
				CLANG_WARN_DOCUMENTATION_COMMENTS = YES;
				CLANG_WARN_EMPTY_BODY = YES;
				CLANG_WARN_ENUM_CONVERSION = YES;
				CLANG_WARN_INFINITE_RECURSION = YES;
				CLANG_WARN_INT_CONVERSION = YES;
				CLANG_WARN_NON_LITERAL_NULL_CONVERSION = YES;
				CLANG_WARN_OBJC_IMPLICIT_RETAIN_SELF = YES;
				CLANG_WARN_OBJC_LITERAL_CONVERSION = YES;
				CLANG_WARN_OBJC_ROOT_CLASS = YES_ERROR;
				CLANG_WARN_QUOTED_INCLUDE_IN_FRAMEWORK_HEADER = YES;
				CLANG_WARN_RANGE_LOOP_ANALYSIS = YES;
				CLANG_WARN_STRICT_PROTOTYPES = YES;
				CLANG_WARN_SUSPICIOUS_MOVE = YES;
				CLANG_WARN_UNGUARDED_AVAILABILITY = YES_AGGRESSIVE;
				CLANG_WARN_UNREACHABLE_CODE = YES;
				CLANG_WARN__DUPLICATE_METHOD_MATCH = YES;
				COPY_PHASE_STRIP = NO;
				DEBUG_INFORMATION_FORMAT = "dwarf-with-dsym";
				ENABLE_NS_ASSERTIONS = NO;
				ENABLE_STRICT_OBJC_MSGSEND = YES;
				GCC_C_LANGUAGE_STANDARD = gnu11;
				GCC_NO_COMMON_BLOCKS = YES;
				GCC_WARN_64_TO_32_BIT_CONVERSION = YES;
				GCC_WARN_ABOUT_RETURN_TYPE = YES_ERROR;
				GCC_WARN_UNDECLARED_SELECTOR = YES;
				GCC_WARN_UNINITIALIZED_AUTOS = YES_AGGRESSIVE;
				GCC_WARN_UNUSED_FUNCTION = YES;
				GCC_WARN_UNUSED_VARIABLE = YES;
				IPHONEOS_DEPLOYMENT_TARGET = 16.1;
				MTL_ENABLE_DEBUG_INFO = NO;
				MTL_FAST_MATH = YES;
				SDKROOT = iphoneos;
				SWIFT_COMPILATION_MODE = wholemodule;
				SWIFT_OPTIMIZATION_LEVEL = "-O";
				VALIDATE_PRODUCT = YES;
			};
			name = Release;
		};
		4A9C67582B10D5E8008D0282 /* Debug */ = {
			isa = XCBuildConfiguration;
			baseConfigurationReference = A3BC1C2C2A0F95606EC2027B /* Pods-map.debug.xcconfig */;
			buildSettings = {
				ASSETCATALOG_COMPILER_APPICON_NAME = AppIcon;
				ASSETCATALOG_COMPILER_GLOBAL_ACCENT_COLOR_NAME = AccentColor;
				CODE_SIGN_STYLE = Automatic;
				CURRENT_PROJECT_VERSION = 1;
				DEVELOPMENT_TEAM = ZDU8QSD76H;
				GENERATE_INFOPLIST_FILE = YES;
				INFOPLIST_FILE = map/Info.plist;
				INFOPLIST_KEY_UIApplicationSupportsIndirectInputEvents = YES;
				INFOPLIST_KEY_UILaunchStoryboardName = LaunchScreen;
				INFOPLIST_KEY_UIMainStoryboardFile = Main;
				INFOPLIST_KEY_UISupportedInterfaceOrientations_iPad = "UIInterfaceOrientationPortrait UIInterfaceOrientationPortraitUpsideDown UIInterfaceOrientationLandscapeLeft UIInterfaceOrientationLandscapeRight";
				INFOPLIST_KEY_UISupportedInterfaceOrientations_iPhone = "UIInterfaceOrientationPortrait UIInterfaceOrientationLandscapeLeft UIInterfaceOrientationLandscapeRight";
				IPHONEOS_DEPLOYMENT_TARGET = 15;
				LD_RUNPATH_SEARCH_PATHS = (
					"$(inherited)",
					"@executable_path/Frameworks",
				);
				MARKETING_VERSION = 1.0;
				PRODUCT_BUNDLE_IDENTIFIER = iakovlev.map;
				PRODUCT_NAME = "$(TARGET_NAME)";
				SWIFT_EMIT_LOC_STRINGS = YES;
				SWIFT_VERSION = 5.0;
				TARGETED_DEVICE_FAMILY = "1,2";
			};
			name = Debug;
		};
		4A9C67592B10D5E8008D0282 /* Release */ = {
			isa = XCBuildConfiguration;
			baseConfigurationReference = 6704217BA06F19628BC987A1 /* Pods-map.release.xcconfig */;
			buildSettings = {
				ASSETCATALOG_COMPILER_APPICON_NAME = AppIcon;
				ASSETCATALOG_COMPILER_GLOBAL_ACCENT_COLOR_NAME = AccentColor;
				CODE_SIGN_STYLE = Automatic;
				CURRENT_PROJECT_VERSION = 1;
				DEVELOPMENT_TEAM = ZDU8QSD76H;
				GENERATE_INFOPLIST_FILE = YES;
				INFOPLIST_FILE = map/Info.plist;
				INFOPLIST_KEY_UIApplicationSupportsIndirectInputEvents = YES;
				INFOPLIST_KEY_UILaunchStoryboardName = LaunchScreen;
				INFOPLIST_KEY_UIMainStoryboardFile = Main;
				INFOPLIST_KEY_UISupportedInterfaceOrientations_iPad = "UIInterfaceOrientationPortrait UIInterfaceOrientationPortraitUpsideDown UIInterfaceOrientationLandscapeLeft UIInterfaceOrientationLandscapeRight";
				INFOPLIST_KEY_UISupportedInterfaceOrientations_iPhone = "UIInterfaceOrientationPortrait UIInterfaceOrientationLandscapeLeft UIInterfaceOrientationLandscapeRight";
				IPHONEOS_DEPLOYMENT_TARGET = 15;
				LD_RUNPATH_SEARCH_PATHS = (
					"$(inherited)",
					"@executable_path/Frameworks",
				);
				MARKETING_VERSION = 1.0;
				PRODUCT_BUNDLE_IDENTIFIER = iakovlev.map;
				PRODUCT_NAME = "$(TARGET_NAME)";
				SWIFT_EMIT_LOC_STRINGS = YES;
				SWIFT_VERSION = 5.0;
				TARGETED_DEVICE_FAMILY = "1,2";
			};
			name = Release;
		};
		4A9C675B2B10D5E8008D0282 /* Debug */ = {
			isa = XCBuildConfiguration;
			baseConfigurationReference = 6DE69814B0D8BBD188DC2E58 /* Pods-mapTests.debug.xcconfig */;
			buildSettings = {
				ALWAYS_EMBED_SWIFT_STANDARD_LIBRARIES = YES;
				BUNDLE_LOADER = "$(TEST_HOST)";
				CODE_SIGN_STYLE = Automatic;
				CURRENT_PROJECT_VERSION = 1;
				GENERATE_INFOPLIST_FILE = YES;
				IPHONEOS_DEPLOYMENT_TARGET = 16.1;
				MARKETING_VERSION = 1.0;
				PRODUCT_BUNDLE_IDENTIFIER = iakovlev.mapTests;
				PRODUCT_NAME = "$(TARGET_NAME)";
				SWIFT_EMIT_LOC_STRINGS = NO;
				SWIFT_VERSION = 5.0;
				TARGETED_DEVICE_FAMILY = "1,2";
				TEST_HOST = "$(BUILT_PRODUCTS_DIR)/map.app/$(BUNDLE_EXECUTABLE_FOLDER_PATH)/map";
			};
			name = Debug;
		};
		4A9C675C2B10D5E8008D0282 /* Release */ = {
			isa = XCBuildConfiguration;
			baseConfigurationReference = FF79096E153D6F775717128E /* Pods-mapTests.release.xcconfig */;
			buildSettings = {
				ALWAYS_EMBED_SWIFT_STANDARD_LIBRARIES = YES;
				BUNDLE_LOADER = "$(TEST_HOST)";
				CODE_SIGN_STYLE = Automatic;
				CURRENT_PROJECT_VERSION = 1;
				GENERATE_INFOPLIST_FILE = YES;
				IPHONEOS_DEPLOYMENT_TARGET = 16.1;
				MARKETING_VERSION = 1.0;
				PRODUCT_BUNDLE_IDENTIFIER = iakovlev.mapTests;
				PRODUCT_NAME = "$(TARGET_NAME)";
				SWIFT_EMIT_LOC_STRINGS = NO;
				SWIFT_VERSION = 5.0;
				TARGETED_DEVICE_FAMILY = "1,2";
				TEST_HOST = "$(BUILT_PRODUCTS_DIR)/map.app/$(BUNDLE_EXECUTABLE_FOLDER_PATH)/map";
			};
			name = Release;
		};
		4A9C675E2B10D5E8008D0282 /* Debug */ = {
			isa = XCBuildConfiguration;
			baseConfigurationReference = AEBB855EC31B09FACCA48D50 /* Pods-map-mapUITests.debug.xcconfig */;
			buildSettings = {
				ALWAYS_EMBED_SWIFT_STANDARD_LIBRARIES = YES;
				CODE_SIGN_STYLE = Automatic;
				CURRENT_PROJECT_VERSION = 1;
				GENERATE_INFOPLIST_FILE = YES;
				MARKETING_VERSION = 1.0;
				PRODUCT_BUNDLE_IDENTIFIER = iakovlev.mapUITests;
				PRODUCT_NAME = "$(TARGET_NAME)";
				SWIFT_EMIT_LOC_STRINGS = NO;
				SWIFT_VERSION = 5.0;
				TARGETED_DEVICE_FAMILY = "1,2";
				TEST_TARGET_NAME = map;
			};
			name = Debug;
		};
		4A9C675F2B10D5E8008D0282 /* Release */ = {
			isa = XCBuildConfiguration;
			baseConfigurationReference = 104843F5C2A4136B84533352 /* Pods-map-mapUITests.release.xcconfig */;
			buildSettings = {
				ALWAYS_EMBED_SWIFT_STANDARD_LIBRARIES = YES;
				CODE_SIGN_STYLE = Automatic;
				CURRENT_PROJECT_VERSION = 1;
				GENERATE_INFOPLIST_FILE = YES;
				MARKETING_VERSION = 1.0;
				PRODUCT_BUNDLE_IDENTIFIER = iakovlev.mapUITests;
				PRODUCT_NAME = "$(TARGET_NAME)";
				SWIFT_EMIT_LOC_STRINGS = NO;
				SWIFT_VERSION = 5.0;
				TARGETED_DEVICE_FAMILY = "1,2";
				TEST_TARGET_NAME = map;
			};
			name = Release;
		};
/* End XCBuildConfiguration section */

/* Begin XCConfigurationList section */
		4A9C67282B10D5E4008D0282 /* Build configuration list for PBXProject "map" */ = {
			isa = XCConfigurationList;
			buildConfigurations = (
				4A9C67552B10D5E8008D0282 /* Debug */,
				4A9C67562B10D5E8008D0282 /* Release */,
			);
			defaultConfigurationIsVisible = 0;
			defaultConfigurationName = Release;
		};
		4A9C67572B10D5E8008D0282 /* Build configuration list for PBXNativeTarget "map" */ = {
			isa = XCConfigurationList;
			buildConfigurations = (
				4A9C67582B10D5E8008D0282 /* Debug */,
				4A9C67592B10D5E8008D0282 /* Release */,
			);
			defaultConfigurationIsVisible = 0;
			defaultConfigurationName = Release;
		};
		4A9C675A2B10D5E8008D0282 /* Build configuration list for PBXNativeTarget "mapTests" */ = {
			isa = XCConfigurationList;
			buildConfigurations = (
				4A9C675B2B10D5E8008D0282 /* Debug */,
				4A9C675C2B10D5E8008D0282 /* Release */,
			);
			defaultConfigurationIsVisible = 0;
			defaultConfigurationName = Release;
		};
		4A9C675D2B10D5E8008D0282 /* Build configuration list for PBXNativeTarget "mapUITests" */ = {
			isa = XCConfigurationList;
			buildConfigurations = (
				4A9C675E2B10D5E8008D0282 /* Debug */,
				4A9C675F2B10D5E8008D0282 /* Release */,
			);
			defaultConfigurationIsVisible = 0;
			defaultConfigurationName = Release;
		};
/* End XCConfigurationList section */
	};
	rootObject = 4A9C67252B10D5E4008D0282 /* Project object */;
}
